
Microsoft Visual Studio Solution File, Format Version 12.00
# Visual Studio Version 16
VisualStudioVersion = 16.0.31624.102
MinimumVisualStudioVersion = 10.0.40219.1
Project("{FAE04EC0-301F-11D3-BF4B-00C04F79EFBC}") = "database2", "database2\database2.csproj", "{DDF1F777-5983-4FEB-A60B-A0DD819CBA16}"
EndProject
Global
	GlobalSection(SolutionConfigurationPlatforms) = preSolution
		Debug|Any CPU = Debug|Any CPU
		Release|Any CPU = Release|Any CPU
	EndGlobalSection
	GlobalSection(ProjectConfigurationPlatforms) = postSolution
		{DDF1F777-5983-4FEB-A60B-A0DD819CBA16}.Debug|Any CPU.ActiveCfg = Debug|Any CPU
		{DDF1F777-5983-4FEB-A60B-A0DD819CBA16}.Debug|Any CPU.Build.0 = Debug|Any CPU
		{DDF1F777-5983-4FEB-A60B-A0DD819CBA16}.Release|Any CPU.ActiveCfg = Release|Any CPU
		{DDF1F777-5983-4FEB-A60B-A0DD819CBA16}.Release|Any CPU.Build.0 = Release|Any CPU
	EndGlobalSection
	GlobalSection(SolutionProperties) = preSolution
		HideSolutionNode = FALSE
	EndGlobalSection
	GlobalSection(ExtensibilityGlobals) = postSolution
		SolutionGuid = {872E9733-8B75-44BF-A2A8-5DA4428A59D3}
	EndGlobalSection
EndGlobal
